
Microsoft Visual Studio Solution File, Format Version 12.00
# Visual Studio Version 17
VisualStudioVersion = 17.0.31903.59
MinimumVisualStudioVersion = 10.0.40219.1
Project("{FAE04EC0-301F-11D3-BF4B-00C04F79EFBC}") = "faturamento.API", "faturamento.API\faturamento.API.csproj", "{68AEE3B0-1319-486F-A369-A81386AC47C4}"
EndProject
Project("{FAE04EC0-301F-11D3-BF4B-00C04F79EFBC}") = "estoque.API", "estoque.API\estoque.API.csproj", "{F72E856F-8CC7-433F-8035-6CECD887A4DF}"
EndProject
Global
	GlobalSection(SolutionConfigurationPlatforms) = preSolution
		Debug|Any CPU = Debug|Any CPU
		Release|Any CPU = Release|Any CPU
	EndGlobalSection
	GlobalSection(SolutionProperties) = preSolution
		HideSolutionNode = FALSE
	EndGlobalSection
	GlobalSection(ProjectConfigurationPlatforms) = postSolution
		{68AEE3B0-1319-486F-A369-A81386AC47C4}.Debug|Any CPU.ActiveCfg = Debug|Any CPU
		{68AEE3B0-1319-486F-A369-A81386AC47C4}.Debug|Any CPU.Build.0 = Debug|Any CPU
		{68AEE3B0-1319-486F-A369-A81386AC47C4}.Release|Any CPU.ActiveCfg = Release|Any CPU
		{68AEE3B0-1319-486F-A369-A81386AC47C4}.Release|Any CPU.Build.0 = Release|Any CPU
		{F72E856F-8CC7-433F-8035-6CECD887A4DF}.Debug|Any CPU.ActiveCfg = Debug|Any CPU
		{F72E856F-8CC7-433F-8035-6CECD887A4DF}.Debug|Any CPU.Build.0 = Debug|Any CPU
		{F72E856F-8CC7-433F-8035-6CECD887A4DF}.Release|Any CPU.ActiveCfg = Release|Any CPU
		{F72E856F-8CC7-433F-8035-6CECD887A4DF}.Release|Any CPU.Build.0 = Release|Any CPU
	EndGlobalSection
EndGlobal
